
Microsoft Visual Studio Solution File, Format Version 12.00
# Visual Studio 15
VisualStudioVersion = 15.0.28307.1321
MinimumVisualStudioVersion = 10.0.40219.1
Project("{FAE04EC0-301F-11D3-BF4B-00C04F79EFBC}") = "Platform Oyunu", "Platform Oyunu\Platform Oyunu.csproj", "{05501B3C-68B9-495D-B4BC-FF3298BF0B57}"
EndProject
Global
	GlobalSection(SolutionConfigurationPlatforms) = preSolution
		Debug|Any CPU = Debug|Any CPU
		Release|Any CPU = Release|Any CPU
	EndGlobalSection
	GlobalSection(ProjectConfigurationPlatforms) = postSolution
		{05501B3C-68B9-495D-B4BC-FF3298BF0B57}.Debug|Any CPU.ActiveCfg = Debug|Any CPU
		{05501B3C-68B9-495D-B4BC-FF3298BF0B57}.Debug|Any CPU.Build.0 = Debug|Any CPU
		{05501B3C-68B9-495D-B4BC-FF3298BF0B57}.Release|Any CPU.ActiveCfg = Release|Any CPU
		{05501B3C-68B9-495D-B4BC-FF3298BF0B57}.Release|Any CPU.Build.0 = Release|Any CPU
	EndGlobalSection
	GlobalSection(SolutionProperties) = preSolution
		HideSolutionNode = FALSE
	EndGlobalSection
	GlobalSection(ExtensibilityGlobals) = postSolution
		SolutionGuid = {45C7E65F-9977-4B24-848C-C3D7EA1615C0}
	EndGlobalSection
EndGlobal
